// !$*UTF8*$!
{
	archiveVersion = 1;
	classes = {
	};
	objectVersion = 46;
	objects = {

/* Begin PBXBuildFile section */
		B50A399D14AB745200D60A07 /* CATransform3DFieldAccessors.m in Sources */ = {isa = PBXBuildFile; fileRef = B50A399C14AB745200D60A07 /* CATransform3DFieldAccessors.m */; };
		B56EB9CE14A61EF200ECCD0B /* UIKit.framework in Frameworks */ = {isa = PBXBuildFile; fileRef = B56EB9CD14A61EF200ECCD0B /* UIKit.framework */; };
		B56EB9D014A61EF200ECCD0B /* Foundation.framework in Frameworks */ = {isa = PBXBuildFile; fileRef = B56EB9CF14A61EF200ECCD0B /* Foundation.framework */; };
		B56EB9D214A61EF200ECCD0B /* CoreGraphics.framework in Frameworks */ = {isa = PBXBuildFile; fileRef = B56EB9D114A61EF200ECCD0B /* CoreGraphics.framework */; };
		B56EB9D814A61EF200ECCD0B /* InfoPlist.strings in Resources */ = {isa = PBXBuildFile; fileRef = B56EB9D614A61EF200ECCD0B /* InfoPlist.strings */; };
		B56EB9DA14A61EF200ECCD0B /* main.m in Sources */ = {isa = PBXBuildFile; fileRef = B56EB9D914A61EF200ECCD0B /* main.m */; };
		B56EB9DE14A61EF200ECCD0B /* EMKAppDelegate.m in Sources */ = {isa = PBXBuildFile; fileRef = B56EB9DD14A61EF200ECCD0B /* EMKAppDelegate.m */; };
		B56EB9E114A61EF200ECCD0B /* EMKTransfomSequenceViewController.m in Sources */ = {isa = PBXBuildFile; fileRef = B56EB9E014A61EF200ECCD0B /* EMKTransfomSequenceViewController.m */; };
		B56EB9E414A61EF200ECCD0B /* EMKTransfomSequenceViewController.xib in Resources */ = {isa = PBXBuildFile; fileRef = B56EB9E214A61EF200ECCD0B /* EMKTransfomSequenceViewController.xib */; };
		B56EB9EC14A61EF200ECCD0B /* SenTestingKit.framework in Frameworks */ = {isa = PBXBuildFile; fileRef = B56EB9EB14A61EF200ECCD0B /* SenTestingKit.framework */; };
		B56EB9ED14A61EF200ECCD0B /* UIKit.framework in Frameworks */ = {isa = PBXBuildFile; fileRef = B56EB9CD14A61EF200ECCD0B /* UIKit.framework */; };
		B56EB9EE14A61EF200ECCD0B /* Foundation.framework in Frameworks */ = {isa = PBXBuildFile; fileRef = B56EB9CF14A61EF200ECCD0B /* Foundation.framework */; };
		B56EB9F614A61EF200ECCD0B /* InfoPlist.strings in Resources */ = {isa = PBXBuildFile; fileRef = B56EB9F414A61EF200ECCD0B /* InfoPlist.strings */; };
		B56EB9F914A61EF200ECCD0B /* TransformationDemoTests.m in Sources */ = {isa = PBXBuildFile; fileRef = B56EB9F814A61EF200ECCD0B /* TransformationDemoTests.m */; };
		B5CFBFF414A7AAF900EF5FEF /* QuartzCore.framework in Frameworks */ = {isa = PBXBuildFile; fileRef = B5CFBFF314A7AAF900EF5FEF /* QuartzCore.framework */; };
		B5CFBFF714A7B2FE00EF5FEF /* bobdylan.jpg in Resources */ = {isa = PBXBuildFile; fileRef = B5CFBFF614A7B2FE00EF5FEF /* bobdylan.jpg */; };
		B5CFBFFA14A7D43200EF5FEF /* EMKTransformationEditor.m in Sources */ = {isa = PBXBuildFile; fileRef = B5CFBFF914A7D43200EF5FEF /* EMKTransformationEditor.m */; };
		B5CFBFFD14A7D57B00EF5FEF /* EMKNumberEditor.m in Sources */ = {isa = PBXBuildFile; fileRef = B5CFBFFC14A7D57B00EF5FEF /* EMKNumberEditor.m */; };
		B5CFBFFF14A7D58D00EF5FEF /* EMKNumberEditor.xib in Resources */ = {isa = PBXBuildFile; fileRef = B5CFBFFE14A7D58D00EF5FEF /* EMKNumberEditor.xib */; };
/* End PBXBuildFile section */

/* Begin PBXContainerItemProxy section */
		B56EB9EF14A61EF200ECCD0B /* PBXContainerItemProxy */ = {
			isa = PBXContainerItemProxy;
			containerPortal = B56EB9C014A61EF200ECCD0B /* Project object */;
			proxyType = 1;
			remoteGlobalIDString = B56EB9C814A61EF200ECCD0B;
			remoteInfo = TransformationDemo;
		};
/* End PBXContainerItemProxy section */

/* Begin PBXFileReference section */
		B50A399A14AB744400D60A07 /* readme.txt */ = {isa = PBXFileReference; lastKnownFileType = text; path = readme.txt; sourceTree = "<group>"; };
		B50A399B14AB745200D60A07 /* CATransform3DFieldAccessors.h */ = {isa = PBXFileReference; fileEncoding = 4; lastKnownFileType = sourcecode.c.h; path = CATransform3DFieldAccessors.h; sourceTree = "<group>"; };
		B50A399C14AB745200D60A07 /* CATransform3DFieldAccessors.m */ = {isa = PBXFileReference; fileEncoding = 4; lastKnownFileType = sourcecode.c.objc; path = CATransform3DFieldAccessors.m; sourceTree = "<group>"; };
		B56EB9C914A61EF200ECCD0B /* TransformationDemo.app */ = {isa = PBXFileReference; explicitFileType = wrapper.application; includeInIndex = 0; path = TransformationDemo.app; sourceTree = BUILT_PRODUCTS_DIR; };
		B56EB9CD14A61EF200ECCD0B /* UIKit.framework */ = {isa = PBXFileReference; lastKnownFileType = wrapper.framework; name = UIKit.framework; path = System/Library/Frameworks/UIKit.framework; sourceTree = SDKROOT; };
		B56EB9CF14A61EF200ECCD0B /* Foundation.framework */ = {isa = PBXFileReference; lastKnownFileType = wrapper.framework; name = Foundation.framework; path = System/Library/Frameworks/Foundation.framework; sourceTree = SDKROOT; };
		B56EB9D114A61EF200ECCD0B /* CoreGraphics.framework */ = {isa = PBXFileReference; lastKnownFileType = wrapper.framework; name = CoreGraphics.framework; path = System/Library/Frameworks/CoreGraphics.framework; sourceTree = SDKROOT; };
		B56EB9D514A61EF200ECCD0B /* TransformationDemo-Info.plist */ = {isa = PBXFileReference; lastKnownFileType = text.plist.xml; path = "TransformationDemo-Info.plist"; sourceTree = "<group>"; };
		B56EB9D714A61EF200ECCD0B /* en */ = {isa = PBXFileReference; lastKnownFileType = text.plist.strings; name = en; path = en.lproj/InfoPlist.strings; sourceTree = "<group>"; };
		B56EB9D914A61EF200ECCD0B /* main.m */ = {isa = PBXFileReference; lastKnownFileType = sourcecode.c.objc; path = main.m; sourceTree = "<group>"; };
		B56EB9DB14A61EF200ECCD0B /* TransformationDemo-Prefix.pch */ = {isa = PBXFileReference; lastKnownFileType = sourcecode.c.h; path = "TransformationDemo-Prefix.pch"; sourceTree = "<group>"; };
		B56EB9DC14A61EF200ECCD0B /* EMKAppDelegate.h */ = {isa = PBXFileReference; lastKnownFileType = sourcecode.c.h; path = EMKAppDelegate.h; sourceTree = "<group>"; };
		B56EB9DD14A61EF200ECCD0B /* EMKAppDelegate.m */ = {isa = PBXFileReference; lastKnownFileType = sourcecode.c.objc; path = EMKAppDelegate.m; sourceTree = "<group>"; };
		B56EB9DF14A61EF200ECCD0B /* EMKTransfomSequenceViewController.h */ = {isa = PBXFileReference; lastKnownFileType = sourcecode.c.h; path = EMKTransfomSequenceViewController.h; sourceTree = "<group>"; };
		B56EB9E014A61EF200ECCD0B /* EMKTransfomSequenceViewController.m */ = {isa = PBXFileReference; lastKnownFileType = sourcecode.c.objc; path = EMKTransfomSequenceViewController.m; sourceTree = "<group>"; };
		B56EB9E314A61EF200ECCD0B /* en */ = {isa = PBXFileReference; lastKnownFileType = file.xib; name = en; path = en.lproj/EMKTransfomSequenceViewController.xib; sourceTree = "<group>"; };
		B56EB9EA14A61EF200ECCD0B /* TransformationDemoTests.octest */ = {isa = PBXFileReference; explicitFileType = wrapper.cfbundle; includeInIndex = 0; path = TransformationDemoTests.octest; sourceTree = BUILT_PRODUCTS_DIR; };
		B56EB9EB14A61EF200ECCD0B /* SenTestingKit.framework */ = {isa = PBXFileReference; lastKnownFileType = wrapper.framework; name = SenTestingKit.framework; path = Library/Frameworks/SenTestingKit.framework; sourceTree = DEVELOPER_DIR; };
		B56EB9F314A61EF200ECCD0B /* TransformationDemoTests-Info.plist */ = {isa = PBXFileReference; lastKnownFileType = text.plist.xml; path = "TransformationDemoTests-Info.plist"; sourceTree = "<group>"; };
		B56EB9F514A61EF200ECCD0B /* en */ = {isa = PBXFileReference; lastKnownFileType = text.plist.strings; name = en; path = en.lproj/InfoPlist.strings; sourceTree = "<group>"; };
		B56EB9F714A61EF200ECCD0B /* TransformationDemoTests.h */ = {isa = PBXFileReference; lastKnownFileType = sourcecode.c.h; path = TransformationDemoTests.h; sourceTree = "<group>"; };
		B56EB9F814A61EF200ECCD0B /* TransformationDemoTests.m */ = {isa = PBXFileReference; lastKnownFileType = sourcecode.c.objc; path = TransformationDemoTests.m; sourceTree = "<group>"; };
		B5CFBFF314A7AAF900EF5FEF /* QuartzCore.framework */ = {isa = PBXFileReference; lastKnownFileType = wrapper.framework; name = QuartzCore.framework; path = System/Library/Frameworks/QuartzCore.framework; sourceTree = SDKROOT; };
		B5CFBFF614A7B2FE00EF5FEF /* bobdylan.jpg */ = {isa = PBXFileReference; lastKnownFileType = image.jpeg; path = bobdylan.jpg; sourceTree = "<group>"; };
		B5CFBFF814A7D43200EF5FEF /* EMKTransformationEditor.h */ = {isa = PBXFileReference; fileEncoding = 4; lastKnownFileType = sourcecode.c.h; path = EMKTransformationEditor.h; sourceTree = "<group>"; };
		B5CFBFF914A7D43200EF5FEF /* EMKTransformationEditor.m */ = {isa = PBXFileReference; fileEncoding = 4; lastKnownFileType = sourcecode.c.objc; path = EMKTransformationEditor.m; sourceTree = "<group>"; };
		B5CFBFFB14A7D57B00EF5FEF /* EMKNumberEditor.h */ = {isa = PBXFileReference; fileEncoding = 4; lastKnownFileType = sourcecode.c.h; path = EMKNumberEditor.h; sourceTree = "<group>"; };
		B5CFBFFC14A7D57B00EF5FEF /* EMKNumberEditor.m */ = {isa = PBXFileReference; fileEncoding = 4; lastKnownFileType = sourcecode.c.objc; path = EMKNumberEditor.m; sourceTree = "<group>"; };
		B5CFBFFE14A7D58D00EF5FEF /* EMKNumberEditor.xib */ = {isa = PBXFileReference; fileEncoding = 4; lastKnownFileType = file.xib; path = EMKNumberEditor.xib; sourceTree = "<group>"; };
/* End PBXFileReference section */

/* Begin PBXFrameworksBuildPhase section */
		B56EB9C614A61EF200ECCD0B /* Frameworks */ = {
			isa = PBXFrameworksBuildPhase;
			buildActionMask = 2147483647;
			files = (
				B5CFBFF414A7AAF900EF5FEF /* QuartzCore.framework in Frameworks */,
				B56EB9CE14A61EF200ECCD0B /* UIKit.framework in Frameworks */,
				B56EB9D014A61EF200ECCD0B /* Foundation.framework in Frameworks */,
				B56EB9D214A61EF200ECCD0B /* CoreGraphics.framework in Frameworks */,
			);
			runOnlyForDeploymentPostprocessing = 0;
		};
		B56EB9E614A61EF200ECCD0B /* Frameworks */ = {
			isa = PBXFrameworksBuildPhase;
			buildActionMask = 2147483647;
			files = (
				B56EB9EC14A61EF200ECCD0B /* SenTestingKit.framework in Frameworks */,
				B56EB9ED14A61EF200ECCD0B /* UIKit.framework in Frameworks */,
				B56EB9EE14A61EF200ECCD0B /* Foundation.framework in Frameworks */,
			);
			runOnlyForDeploymentPostprocessing = 0;
		};
/* End PBXFrameworksBuildPhase section */

/* Begin PBXGroup section */
		B56EB9BE14A61EF200ECCD0B = {
			isa = PBXGroup;
			children = (
				B50A399A14AB744400D60A07 /* readme.txt */,
				B56EB9D314A61EF200ECCD0B /* TransformationDemo */,
				B56EB9F114A61EF200ECCD0B /* TransformationDemoTests */,
				B56EB9CC14A61EF200ECCD0B /* Frameworks */,
				B56EB9CA14A61EF200ECCD0B /* Products */,
			);
			sourceTree = "<group>";
		};
		B56EB9CA14A61EF200ECCD0B /* Products */ = {
			isa = PBXGroup;
			children = (
				B56EB9C914A61EF200ECCD0B /* TransformationDemo.app */,
				B56EB9EA14A61EF200ECCD0B /* TransformationDemoTests.octest */,
			);
			name = Products;
			sourceTree = "<group>";
		};
		B56EB9CC14A61EF200ECCD0B /* Frameworks */ = {
			isa = PBXGroup;
			children = (
				B5CFBFF314A7AAF900EF5FEF /* QuartzCore.framework */,
				B56EB9CD14A61EF200ECCD0B /* UIKit.framework */,
				B56EB9CF14A61EF200ECCD0B /* Foundation.framework */,
				B56EB9D114A61EF200ECCD0B /* CoreGraphics.framework */,
				B56EB9EB14A61EF200ECCD0B /* SenTestingKit.framework */,
			);
			name = Frameworks;
			sourceTree = "<group>";
		};
		B56EB9D314A61EF200ECCD0B /* TransformationDemo */ = {
			isa = PBXGroup;
			children = (
				B56EB9DC14A61EF200ECCD0B /* EMKAppDelegate.h */,
				B56EB9DD14A61EF200ECCD0B /* EMKAppDelegate.m */,
				B56EB9DF14A61EF200ECCD0B /* EMKTransfomSequenceViewController.h */,
				B56EB9E014A61EF200ECCD0B /* EMKTransfomSequenceViewController.m */,
				B56EB9E214A61EF200ECCD0B /* EMKTransfomSequenceViewController.xib */,
				B56EB9D414A61EF200ECCD0B /* Supporting Files */,
				B5CFBFF814A7D43200EF5FEF /* EMKTransformationEditor.h */,
				B5CFBFF914A7D43200EF5FEF /* EMKTransformationEditor.m */,
				B5CFBFFB14A7D57B00EF5FEF /* EMKNumberEditor.h */,
				B5CFBFFC14A7D57B00EF5FEF /* EMKNumberEditor.m */,
				B5CFBFFE14A7D58D00EF5FEF /* EMKNumberEditor.xib */,
				B50A399B14AB745200D60A07 /* CATransform3DFieldAccessors.h */,
				B50A399C14AB745200D60A07 /* CATransform3DFieldAccessors.m */,
			);
			path = TransformationDemo;
			sourceTree = "<group>";
		};
		B56EB9D414A61EF200ECCD0B /* Supporting Files */ = {
			isa = PBXGroup;
			children = (
				B5CFBFF614A7B2FE00EF5FEF /* bobdylan.jpg */,
				B56EB9D514A61EF200ECCD0B /* TransformationDemo-Info.plist */,
				B56EB9D614A61EF200ECCD0B /* InfoPlist.strings */,
				B56EB9D914A61EF200ECCD0B /* main.m */,
				B56EB9DB14A61EF200ECCD0B /* TransformationDemo-Prefix.pch */,
			);
			name = "Supporting Files";
			sourceTree = "<group>";
		};
		B56EB9F114A61EF200ECCD0B /* TransformationDemoTests */ = {
			isa = PBXGroup;
			children = (
				B56EB9F714A61EF200ECCD0B /* TransformationDemoTests.h */,
				B56EB9F814A61EF200ECCD0B /* TransformationDemoTests.m */,
				B56EB9F214A61EF200ECCD0B /* Supporting Files */,
			);
			path = TransformationDemoTests;
			sourceTree = "<group>";
		};
		B56EB9F214A61EF200ECCD0B /* Supporting Files */ = {
			isa = PBXGroup;
			children = (
				B56EB9F314A61EF200ECCD0B /* TransformationDemoTests-Info.plist */,
				B56EB9F414A61EF200ECCD0B /* InfoPlist.strings */,
			);
			name = "Supporting Files";
			sourceTree = "<group>";
		};
/* End PBXGroup section */

/* Begin PBXNativeTarget section */
		B56EB9C814A61EF200ECCD0B /* TransformationDemo */ = {
			isa = PBXNativeTarget;
			buildConfigurationList = B56EB9FC14A61EF200ECCD0B /* Build configuration list for PBXNativeTarget "TransformationDemo" */;
			buildPhases = (
				B56EB9C514A61EF200ECCD0B /* Sources */,
				B56EB9C614A61EF200ECCD0B /* Frameworks */,
				B56EB9C714A61EF200ECCD0B /* Resources */,
			);
			buildRules = (
			);
			dependencies = (
			);
			name = TransformationDemo;
			productName = TransformationDemo;
			productReference = B56EB9C914A61EF200ECCD0B /* TransformationDemo.app */;
			productType = "com.apple.product-type.application";
		};
		B56EB9E914A61EF200ECCD0B /* TransformationDemoTests */ = {
			isa = PBXNativeTarget;
			buildConfigurationList = B56EB9FF14A61EF200ECCD0B /* Build configuration list for PBXNativeTarget "TransformationDemoTests" */;
			buildPhases = (
				B56EB9E514A61EF200ECCD0B /* Sources */,
				B56EB9E614A61EF200ECCD0B /* Frameworks */,
				B56EB9E714A61EF200ECCD0B /* Resources */,
				B56EB9E814A61EF200ECCD0B /* ShellScript */,
			);
			buildRules = (
			);
			dependencies = (
				B56EB9F014A61EF200ECCD0B /* PBXTargetDependency */,
			);
			name = TransformationDemoTests;
			productName = TransformationDemoTests;
			productReference = B56EB9EA14A61EF200ECCD0B /* TransformationDemoTests.octest */;
			productType = "com.apple.product-type.bundle";
		};
/* End PBXNativeTarget section */

/* Begin PBXProject section */
		B56EB9C014A61EF200ECCD0B /* Project object */ = {
			isa = PBXProject;
			attributes = {
				LastUpgradeCheck = 0420;
				ORGANIZATIONNAME = "Benedict Cohen";
			};
			buildConfigurationList = B56EB9C314A61EF200ECCD0B /* Build configuration list for PBXProject "TransformationDemo" */;
			compatibilityVersion = "Xcode 3.2";
			developmentRegion = English;
			hasScannedForEncodings = 0;
			knownRegions = (
				en,
			);
			mainGroup = B56EB9BE14A61EF200ECCD0B;
			productRefGroup = B56EB9CA14A61EF200ECCD0B /* Products */;
			projectDirPath = "";
			projectRoot = "";
			targets = (
				B56EB9C814A61EF200ECCD0B /* TransformationDemo */,
				B56EB9E914A61EF200ECCD0B /* TransformationDemoTests */,
			);
		};
/* End PBXProject section */

/* Begin PBXResourcesBuildPhase section */
		B56EB9C714A61EF200ECCD0B /* Resources */ = {
			isa = PBXResourcesBuildPhase;
			buildActionMask = 2147483647;
			files = (
				B56EB9D814A61EF200ECCD0B /* InfoPlist.strings in Resources */,
				B56EB9E414A61EF200ECCD0B /* EMKTransfomSequenceViewController.xib in Resources */,
				B5CFBFF714A7B2FE00EF5FEF /* bobdylan.jpg in Resources */,
				B5CFBFFF14A7D58D00EF5FEF /* EMKNumberEditor.xib in Resources */,
			);
			runOnlyForDeploymentPostprocessing = 0;
		};
		B56EB9E714A61EF200ECCD0B /* Resources */ = {
			isa = PBXResourcesBuildPhase;
			buildActionMask = 2147483647;
			files = (
				B56EB9F614A61EF200ECCD0B /* InfoPlist.strings in Resources */,
			);
			runOnlyForDeploymentPostprocessing = 0;
		};
/* End PBXResourcesBuildPhase section */

/* Begin PBXShellScriptBuildPhase section */
		B56EB9E814A61EF200ECCD0B /* ShellScript */ = {
			isa = PBXShellScriptBuildPhase;
			buildActionMask = 2147483647;
			files = (
			);
			inputPaths = (
			);
			outputPaths = (
			);
			runOnlyForDeploymentPostprocessing = 0;
			shellPath = /bin/sh;
			shellScript = "# Run the unit tests in this test bundle.\n\"${SYSTEM_DEVELOPER_DIR}/Tools/RunUnitTests\"\n";
		};
/* End PBXShellScriptBuildPhase section */

/* Begin PBXSourcesBuildPhase section */
		B56EB9C514A61EF200ECCD0B /* Sources */ = {
			isa = PBXSourcesBuildPhase;
			buildActionMask = 2147483647;
			files = (
				B56EB9DA14A61EF200ECCD0B /* main.m in Sources */,
				B56EB9DE14A61EF200ECCD0B /* EMKAppDelegate.m in Sources */,
				B56EB9E114A61EF200ECCD0B /* EMKTransfomSequenceViewController.m in Sources */,
				B5CFBFFA14A7D43200EF5FEF /* EMKTransformationEditor.m in Sources */,
				B5CFBFFD14A7D57B00EF5FEF /* EMKNumberEditor.m in Sources */,
				B50A399D14AB745200D60A07 /* CATransform3DFieldAccessors.m in Sources */,
			);
			runOnlyForDeploymentPostprocessing = 0;
		};
		B56EB9E514A61EF200ECCD0B /* Sources */ = {
			isa = PBXSourcesBuildPhase;
			buildActionMask = 2147483647;
			files = (
				B56EB9F914A61EF200ECCD0B /* TransformationDemoTests.m in Sources */,
			);
			runOnlyForDeploymentPostprocessing = 0;
		};
/* End PBXSourcesBuildPhase section */

/* Begin PBXTargetDependency section */
		B56EB9F014A61EF200ECCD0B /* PBXTargetDependency */ = {
			isa = PBXTargetDependency;
			target = B56EB9C814A61EF200ECCD0B /* TransformationDemo */;
			targetProxy = B56EB9EF14A61EF200ECCD0B /* PBXContainerItemProxy */;
		};
/* End PBXTargetDependency section */

/* Begin PBXVariantGroup section */
		B56EB9D614A61EF200ECCD0B /* InfoPlist.strings */ = {
			isa = PBXVariantGroup;
			children = (
				B56EB9D714A61EF200ECCD0B /* en */,
			);
			name = InfoPlist.strings;
			sourceTree = "<group>";
		};
		B56EB9E214A61EF200ECCD0B /* EMKTransfomSequenceViewController.xib */ = {
			isa = PBXVariantGroup;
			children = (
				B56EB9E314A61EF200ECCD0B /* en */,
			);
			name = EMKTransfomSequenceViewController.xib;
			sourceTree = "<group>";
		};
		B56EB9F414A61EF200ECCD0B /* InfoPlist.strings */ = {
			isa = PBXVariantGroup;
			children = (
				B56EB9F514A61EF200ECCD0B /* en */,
			);
			name = InfoPlist.strings;
			sourceTree = "<group>";
		};
/* End PBXVariantGroup section */

/* Begin XCBuildConfiguration section */
		B56EB9FA14A61EF200ECCD0B /* Debug */ = {
			isa = XCBuildConfiguration;
			buildSettings = {
				ALWAYS_SEARCH_USER_PATHS = NO;
				ARCHS = "$(ARCHS_STANDARD_32_BIT)";
				CLANG_ENABLE_OBJC_ARC = YES;
				"CODE_SIGN_IDENTITY[sdk=iphoneos*]" = "iPhone Developer";
				COPY_PHASE_STRIP = NO;
				GCC_C_LANGUAGE_STANDARD = gnu99;
				GCC_DYNAMIC_NO_PIC = NO;
				GCC_OPTIMIZATION_LEVEL = 0;
				GCC_PREPROCESSOR_DEFINITIONS = (
					"DEBUG=1",
					"$(inherited)",
				);
				GCC_SYMBOLS_PRIVATE_EXTERN = NO;
				GCC_VERSION = com.apple.compilers.llvm.clang.1_0;
				GCC_WARN_ABOUT_MISSING_PROTOTYPES = YES;
				GCC_WARN_ABOUT_RETURN_TYPE = YES;
				GCC_WARN_UNUSED_VARIABLE = YES;
				IPHONEOS_DEPLOYMENT_TARGET = 5.0;
				SDKROOT = iphoneos;
				TARGETED_DEVICE_FAMILY = 2;
			};
			name = Debug;
		};
		B56EB9FB14A61EF200ECCD0B /* Release */ = {
			isa = XCBuildConfiguration;
			buildSettings = {
				ALWAYS_SEARCH_USER_PATHS = NO;
				ARCHS = "$(ARCHS_STANDARD_32_BIT)";
				CLANG_ENABLE_OBJC_ARC = YES;
				"CODE_SIGN_IDENTITY[sdk=iphoneos*]" = "iPhone Developer";
				COPY_PHASE_STRIP = YES;
				GCC_C_LANGUAGE_STANDARD = gnu99;
				GCC_VERSION = com.apple.compilers.llvm.clang.1_0;
				GCC_WARN_ABOUT_MISSING_PROTOTYPES = YES;
				GCC_WARN_ABOUT_RETURN_TYPE = YES;
				GCC_WARN_UNUSED_VARIABLE = YES;
				IPHONEOS_DEPLOYMENT_TARGET = 5.0;
				OTHER_CFLAGS = "-DNS_BLOCK_ASSERTIONS=1";
				SDKROOT = iphoneos;
				TARGETED_DEVICE_FAMILY = 2;
				VALIDATE_PRODUCT = YES;
			};
			name = Release;
		};
		B56EB9FD14A61EF200ECCD0B /* Debug */ = {
			isa = XCBuildConfiguration;
			buildSettings = {
				GCC_PRECOMPILE_PREFIX_HEADER = YES;
				GCC_PREFIX_HEADER = "TransformationDemo/TransformationDemo-Prefix.pch";
				INFOPLIST_FILE = "TransformationDemo/TransformationDemo-Info.plist";
				PRODUCT_NAME = "$(TARGET_NAME)";
				TARGETED_DEVICE_FAMILY = 2;
				WRAPPER_EXTENSION = app;
			};
			name = Debug;
		};
		B56EB9FE14A61EF200ECCD0B /* Release */ = {
			isa = XCBuildConfiguration;
			buildSettings = {
				GCC_PRECOMPILE_PREFIX_HEADER = YES;
				GCC_PREFIX_HEADER = "TransformationDemo/TransformationDemo-Prefix.pch";
				INFOPLIST_FILE = "TransformationDemo/TransformationDemo-Info.plist";
				PRODUCT_NAME = "$(TARGET_NAME)";
				TARGETED_DEVICE_FAMILY = 2;
				WRAPPER_EXTENSION = app;
			};
			name = Release;
		};
		B56EBA0014A61EF200ECCD0B /* Debug */ = {
			isa = XCBuildConfiguration;
			buildSettings = {
				BUNDLE_LOADER = "$(BUILT_PRODUCTS_DIR)/TransformationDemo.app/TransformationDemo";
				FRAMEWORK_SEARCH_PATHS = (
					"$(SDKROOT)/Developer/Library/Frameworks",
					"$(DEVELOPER_LIBRARY_DIR)/Frameworks",
				);
				GCC_PRECOMPILE_PREFIX_HEADER = YES;
				GCC_PREFIX_HEADER = "TransformationDemo/TransformationDemo-Prefix.pch";
				INFOPLIST_FILE = "TransformationDemoTests/TransformationDemoTests-Info.plist";
				PRODUCT_NAME = "$(TARGET_NAME)";
				TEST_HOST = "$(BUNDLE_LOADER)";
				WRAPPER_EXTENSION = octest;
			};
			name = Debug;
		};
		B56EBA0114A61EF200ECCD0B /* Release */ = {
			isa = XCBuildConfiguration;
			buildSettings = {
				BUNDLE_LOADER = "$(BUILT_PRODUCTS_DIR)/TransformationDemo.app/TransformationDemo";
				FRAMEWORK_SEARCH_PATHS = (
					"$(SDKROOT)/Developer/Library/Frameworks",
					"$(DEVELOPER_LIBRARY_DIR)/Frameworks",
				);
				GCC_PRECOMPILE_PREFIX_HEADER = YES;
				GCC_PREFIX_HEADER = "TransformationDemo/TransformationDemo-Prefix.pch";
				INFOPLIST_FILE = "TransformationDemoTests/TransformationDemoTests-Info.plist";
				PRODUCT_NAME = "$(TARGET_NAME)";
				TEST_HOST = "$(BUNDLE_LOADER)";
				WRAPPER_EXTENSION = octest;
			};
			name = Release;
		};
/* End XCBuildConfiguration section */

/* Begin XCConfigurationList section */
		B56EB9C314A61EF200ECCD0B /* Build configuration list for PBXProject "TransformationDemo" */ = {
			isa = XCConfigurationList;
			buildConfigurations = (
				B56EB9FA14A61EF200ECCD0B /* Debug */,
				B56EB9FB14A61EF200ECCD0B /* Release */,
			);
			defaultConfigurationIsVisible = 0;
			defaultConfigurationName = Release;
		};
		B56EB9FC14A61EF200ECCD0B /* Build configuration list for PBXNativeTarget "TransformationDemo" */ = {
			isa = XCConfigurationList;
			buildConfigurations = (
				B56EB9FD14A61EF200ECCD0B /* Debug */,
				B56EB9FE14A61EF200ECCD0B /* Release */,
			);
			defaultConfigurationIsVisible = 0;
			defaultConfigurationName = Release;
		};
		B56EB9FF14A61EF200ECCD0B /* Build configuration list for PBXNativeTarget "TransformationDemoTests" */ = {
			isa = XCConfigurationList;
			buildConfigurations = (
				B56EBA0014A61EF200ECCD0B /* Debug */,
				B56EBA0114A61EF200ECCD0B /* Release */,
			);
			defaultConfigurationIsVisible = 0;
			defaultConfigurationName = Release;
		};
/* End XCConfigurationList section */
	};
	rootObject = B56EB9C014A61EF200ECCD0B /* Project object */;
}
